version = 1
revision = 3
requires-python = ">=3.12"

[manifest]
members = [
    "spider",
    "v-search",
]

[[package]]
name = "libsql"
version = "0.1.11"
source = { registry = "https://pypi.org/simple" }
sdist = { url = "https://files.pythonhosted.org/packages/ff/a2/804e533104102770b42aa0698fee944dd13654652ceb3d27e08a83404bbd/libsql-0.1.11.tar.gz", hash = "sha256:101b6e60f5333434b3e6107bfe2cf24cd5d1317286ad262cb6489941abde77d4", size = 33353, upload-time = "2025-09-02T10:13:38.63Z" }
wheels = [
    { url = "https://files.pythonhosted.org/packages/c5/e8/811fa308d42e8881ef8b206e01957c5086795af1bb46167c2107ac836c3a/libsql-0.1.11-cp312-cp312-macosx_10_12_x86_64.whl", hash = "sha256:a9d7340f762ea6db8cdcc0345b1666a77cbaf313c28c7c6738533fc5844e8f54", size = 4768047, upload-time = "2025-09-02T10:13:17.356Z" },
    { url = "https://files.pythonhosted.org/packages/9b/39/68607c8a5f4841e61bf8c4ce0112182eb861140a17d937fe35b7ba3131aa/libsql-0.1.11-cp312-cp312-macosx_11_0_arm64.whl", hash = "sha256:c8c00c5e4d0906ff682ab3cad8473ef36aaa34080bcc553a2e636a73e79d9c2b", size = 4527150, upload-time = "2025-09-02T10:13:18.607Z" },
    { url = "https://files.pythonhosted.org/packages/75/2f/1def1065c43e23a9bab3cb51fb10a368414baaac7aa84d22637d3f2a146a/libsql-0.1.11-cp312-cp312-manylinux_2_17_x86_64.manylinux2014_x86_64.whl", hash = "sha256:74fde15d0cdc930da3b88a0cfcf9d7c9cafea945974d48d09394e574939f77b1", size = 5111168, upload-time = "2025-09-02T10:13:19.845Z" },
    { url = "https://files.pythonhosted.org/packages/bd/90/9df4779fc93bbd9f21ab4e14ea1beeb66c85f24e12b484a6bc0e77b86aa6/libsql-0.1.11-cp312-cp312-win_amd64.whl", hash = "sha256:28dbc0165942c57d0dcfe0115eb4fde13f52929ce18e59a59e826ac77b647e11", size = 4056792, upload-time = "2025-09-02T10:13:21.121Z" },
    { url = "https://files.pythonhosted.org/packages/7c/e3/254d777f73a6ef985db2b030592a7eda45b2a2ac5042d9325937c90df9af/libsql-0.1.11-cp313-cp313-macosx_10_12_x86_64.whl", hash = "sha256:0b41c9fa8fa7bfe44f4a80a99939c5c87d11d88fdb1bad8d6f0c0ac96b5f9432", size = 4768039, upload-time = "2025-09-02T10:13:22.674Z" },
    { url = "https://files.pythonhosted.org/packages/64/a5/de5dd7950bdc199b142a82b55fbc0049da0c7eb1639bb81a79a774f1654c/libsql-0.1.11-cp313-cp313-macosx_11_0_arm64.whl", hash = "sha256:8682d519c62daafba13df521b117a08a43af516f6d3c81337299275c66fda051", size = 4527338, upload-time = "2025-09-02T10:13:24.211Z" },
    { url = "https://files.pythonhosted.org/packages/76/09/a36482f773943c45a6659bcb58be11ec7c1157876b908ea9eccf16c7a553/libsql-0.1.11-cp313-cp313-manylinux_2_17_x86_64.manylinux2014_x86_64.whl", hash = "sha256:9c9ac431078a4eb82257541c764befa84782d8c5fbd1d1147e77f2906c28c444", size = 5110482, upload-time = "2025-09-02T10:13:25.669Z" },
    { url = "https://files.pythonhosted.org/packages/a6/7e/8496944f42f5b91a0e0938205297fc11896f6003f92caa5c53eaa2b8440f/libsql-0.1.11-cp313-cp313-win_amd64.whl", hash = "sha256:c61f6c4a73d799e4bedc49eb9b18bc8b6574267046195963684688f6a184632b", size = 4056117, upload-time = "2025-09-02T10:13:28.806Z" },
    { url = "https://files.pythonhosted.org/packages/d8/ad/cb4e9ac36693a9f3f3f9b03f2b1f0d14cf5b1b449c66be6f9ce7845cbf02/libsql-0.1.11-cp314-cp314-manylinux_2_17_x86_64.manylinux2014_x86_64.whl", hash = "sha256:9c7b39b90228637a4b26293af44833633c36c091276fc8b58f216dea38742f23", size = 5110968, upload-time = "2025-09-02T10:13:30.228Z" },
]

[[package]]
name = "redis"
version = "7.4.0"
source = { registry = "https://pypi.org/simple" }
sdist = { url = "https://files.pythonhosted.org/packages/7b/7f/3759b1d0d72b7c92f0d70ffd9dc962b7b7b5ee74e135f9d7d8ab06b8a318/redis-7.4.0.tar.gz", hash = "sha256:64a6ea7bf567ad43c964d2c30d82853f8df927c5c9017766c55a1d1ed95d18ad", size = 4943913, upload-time = "2026-03-24T09:14:37.53Z" }
wheels = [
    { url = "https://files.pythonhosted.org/packages/74/3a/95deec7db1eb53979973ebd156f3369a72732208d1391cd2e5d127062a32/redis-7.4.0-py3-none-any.whl", hash = "sha256:a9c74a5c893a5ef8455a5adb793a31bb70feb821c86eccb62eebef5a19c429ec", size = 409772, upload-time = "2026-03-24T09:14:35.968Z" },
]

[[package]]
name = "spider"
version = "0.1.0"
source = { virtual = "packages/spider" }
dependencies = [
    { name = "libsql" },
    { name = "redis" },
]

[package.metadata]
requires-dist = [
    { name = "libsql", specifier = ">=0.1.11" },
    { name = "redis", specifier = ">=7.4.0" },
]

[[package]]
name = "v-search"
version = "0.1.0"
source = { virtual = "." }
